{
  "requires": true,
  "lockfileVersion": 1,
  "dependencies": {
    "ajax-manager": {
      "version": "1.0.18",
      "resolved": "https://registry.npmjs.org/ajax-manager/-/ajax-manager-1.0.18.tgz",
      "integrity": "sha512-TC8RsLyDJgTv32dlqRJ6RbrhAi3Y1RoYCPhKLNnUZebxAnFftwoG6440z5wfVPKH/7A0CxPMWS158x3kXfprTQ=="
    }
  }
}
